
Microsoft Visual Studio Solution File, Format Version 12.00
# Visual Studio 2012
Project("{FAE04EC0-301F-11D3-BF4B-00C04F79EFBC}") = "stache", "stache\stache.csproj", "{C2011A40-E848-4E14-8FCC-37C88A6ACD6A}"
EndProject
Global
	GlobalSection(SolutionConfigurationPlatforms) = preSolution
		Debug|Any CPU = Debug|Any CPU
		Release|Any CPU = Release|Any CPU
	EndGlobalSection
	GlobalSection(ProjectConfigurationPlatforms) = postSolution
		{C2011A40-E848-4E14-8FCC-37C88A6ACD6A}.Debug|Any CPU.ActiveCfg = Debug|Any CPU
		{C2011A40-E848-4E14-8FCC-37C88A6ACD6A}.Debug|Any CPU.Build.0 = Debug|Any CPU
		{C2011A40-E848-4E14-8FCC-37C88A6ACD6A}.Release|Any CPU.ActiveCfg = Release|Any CPU
		{C2011A40-E848-4E14-8FCC-37C88A6ACD6A}.Release|Any CPU.Build.0 = Release|Any CPU
	EndGlobalSection
	GlobalSection(SolutionProperties) = preSolution
		HideSolutionNode = FALSE
	EndGlobalSection
EndGlobal
